
Microsoft Visual Studio Solution File, Format Version 12.00
# Visual Studio Version 16
VisualStudioVersion = 16.0.30002.166
MinimumVisualStudioVersion = 10.0.40219.1
Project("{FAE04EC0-301F-11D3-BF4B-00C04F79EFBC}") = "BankingTests", "BankingTests\BankingTests.csproj", "{2FEDA752-374C-4E23-93AF-7B9FE0C761BB}"
EndProject
Project("{FAE04EC0-301F-11D3-BF4B-00C04F79EFBC}") = "BankingDomain", "BankingDomain\BankingDomain.csproj", "{8C74F670-3E19-48A4-86AA-58FC202864B3}"
EndProject
Global
	GlobalSection(SolutionConfigurationPlatforms) = preSolution
		Debug|Any CPU = Debug|Any CPU
		Release|Any CPU = Release|Any CPU
	EndGlobalSection
	GlobalSection(ProjectConfigurationPlatforms) = postSolution
		{2FEDA752-374C-4E23-93AF-7B9FE0C761BB}.Debug|Any CPU.ActiveCfg = Debug|Any CPU
		{2FEDA752-374C-4E23-93AF-7B9FE0C761BB}.Debug|Any CPU.Build.0 = Debug|Any CPU
		{2FEDA752-374C-4E23-93AF-7B9FE0C761BB}.Release|Any CPU.ActiveCfg = Release|Any CPU
		{2FEDA752-374C-4E23-93AF-7B9FE0C761BB}.Release|Any CPU.Build.0 = Release|Any CPU
		{8C74F670-3E19-48A4-86AA-58FC202864B3}.Debug|Any CPU.ActiveCfg = Debug|Any CPU
		{8C74F670-3E19-48A4-86AA-58FC202864B3}.Debug|Any CPU.Build.0 = Debug|Any CPU
		{8C74F670-3E19-48A4-86AA-58FC202864B3}.Release|Any CPU.ActiveCfg = Release|Any CPU
		{8C74F670-3E19-48A4-86AA-58FC202864B3}.Release|Any CPU.Build.0 = Release|Any CPU
	EndGlobalSection
	GlobalSection(SolutionProperties) = preSolution
		HideSolutionNode = FALSE
	EndGlobalSection
	GlobalSection(ExtensibilityGlobals) = postSolution
		SolutionGuid = {A1C14DFD-B380-449B-A0E7-C4347F941306}
	EndGlobalSection
EndGlobal
